// !$*UTF8*$!
{
	archiveVersion = 1;
	classes = {
	};
	objectVersion = 56;
	objects = {

/* Begin PBXBuildFile section */
		A0000001 /* CardLearnApp.swift in Sources */ = {isa = PBXBuildFile; fileRef = B0000001; };
		A0000002 /* Models.swift in Sources */ = {isa = PBXBuildFile; fileRef = B0000002; };
		A0000003 /* APIService.swift in Sources */ = {isa = PBXBuildFile; fileRef = B0000003; };
		A0000004 /* MainTabView.swift in Sources */ = {isa = PBXBuildFile; fileRef = B0000004; };
		A0000005 /* HomeView.swift in Sources */ = {isa = PBXBuildFile; fileRef = B0000005; };
		A0000006 /* StudyView.swift in Sources */ = {isa = PBXBuildFile; fileRef = B0000006; };
		A0000007 /* CardDetailView.swift in Sources */ = {isa = PBXBuildFile; fileRef = B0000007; };
		A0000008 /* ProfileView.swift in Sources */ = {isa = PBXBuildFile; fileRef = B0000008; };
		A0000009 /* LoginModal.swift in Sources */ = {isa = PBXBuildFile; fileRef = B0000009; };
		A0000010 /* FeedbackView.swift in Sources */ = {isa = PBXBuildFile; fileRef = B0000010; };
		A0000011 /* FeedbackListView.swift in Sources */ = {isa = PBXBuildFile; fileRef = B0000011; };
		A0000012 /* ProgressCardsView.swift in Sources */ = {isa = PBXBuildFile; fileRef = B0000012; };
		A0000013 /* Assets.xcassets in Resources */ = {isa = PBXBuildFile; fileRef = B0000013; };
		A0000014 /* EnvConfig.swift in Sources */ = {isa = PBXBuildFile; fileRef = B0000014; };
		A0000015 /* AddCardView.swift in Sources */ = {isa = PBXBuildFile; fileRef = B0000015; };
		A0000016 /* MyCardsView.swift in Sources */ = {isa = PBXBuildFile; fileRef = B0000016; };
		A0000017 /* AppConstants.swift in Sources */ = {isa = PBXBuildFile; fileRef = B0000017; };
		A0000018 /* DateUtils.swift in Sources */ = {isa = PBXBuildFile; fileRef = B0000018; };
		A0000019 /* SharedComponents.swift in Sources */ = {isa = PBXBuildFile; fileRef = B0000019; };
		A000001A /* SM2Algorithm.swift in Sources */ = {isa = PBXBuildFile; fileRef = B000001A; };
		A000001B /* CardFlipView.swift in Sources */ = {isa = PBXBuildFile; fileRef = B000001B; };
		A000001C /* ReviewListView.swift in Sources */ = {isa = PBXBuildFile; fileRef = B000001C; };
		A000001D /* StatsView.swift in Sources */ = {isa = PBXBuildFile; fileRef = B000001D; };
		A000001E /* NotificationService.swift in Sources */ = {isa = PBXBuildFile; fileRef = B000001E; };
		A000001F /* TodayCardsView.swift in Sources */ = {isa = PBXBuildFile; fileRef = B000001F; };
/* End PBXBuildFile section */

/* Begin PBXFileReference section */
		C0000001 /* CardLearn.app */ = {isa = PBXFileReference; explicitFileType = wrapper.application; includeInIndex = 0; path = CardLearn.app; sourceTree = BUILT_PRODUCTS_DIR; };
		B0000001 /* CardLearnApp.swift */ = {isa = PBXFileReference; lastKnownFileType = sourcecode.swift; path = CardLearnApp.swift; sourceTree = "<group>"; };
		B0000002 /* Models.swift */ = {isa = PBXFileReference; lastKnownFileType = sourcecode.swift; path = Models.swift; sourceTree = "<group>"; };
		B0000003 /* APIService.swift */ = {isa = PBXFileReference; lastKnownFileType = sourcecode.swift; path = APIService.swift; sourceTree = "<group>"; };
		B0000004 /* MainTabView.swift */ = {isa = PBXFileReference; lastKnownFileType = sourcecode.swift; path = MainTabView.swift; sourceTree = "<group>"; };
		B0000005 /* HomeView.swift */ = {isa = PBXFileReference; lastKnownFileType = sourcecode.swift; path = HomeView.swift; sourceTree = "<group>"; };
		B0000006 /* StudyView.swift */ = {isa = PBXFileReference; lastKnownFileType = sourcecode.swift; path = StudyView.swift; sourceTree = "<group>"; };
		B0000007 /* CardDetailView.swift */ = {isa = PBXFileReference; lastKnownFileType = sourcecode.swift; path = CardDetailView.swift; sourceTree = "<group>"; };
		B0000008 /* ProfileView.swift */ = {isa = PBXFileReference; lastKnownFileType = sourcecode.swift; path = ProfileView.swift; sourceTree = "<group>"; };
		B0000009 /* LoginModal.swift */ = {isa = PBXFileReference; lastKnownFileType = sourcecode.swift; path = LoginModal.swift; sourceTree = "<group>"; };
		B0000010 /* FeedbackView.swift */ = {isa = PBXFileReference; lastKnownFileType = sourcecode.swift; path = FeedbackView.swift; sourceTree = "<group>"; };
		B0000011 /* FeedbackListView.swift */ = {isa = PBXFileReference; lastKnownFileType = sourcecode.swift; path = FeedbackListView.swift; sourceTree = "<group>"; };
		B0000012 /* ProgressCardsView.swift */ = {isa = PBXFileReference; lastKnownFileType = sourcecode.swift; path = ProgressCardsView.swift; sourceTree = "<group>"; };
		B0000013 /* Assets.xcassets */ = {isa = PBXFileReference; lastKnownFileType = folder.assetcatalog; path = Assets.xcassets; sourceTree = "<group>"; };
		B0000014 /* EnvConfig.swift */ = {isa = PBXFileReference; lastKnownFileType = sourcecode.swift; path = EnvConfig.swift; sourceTree = "<group>"; };
		B0000015 /* AddCardView.swift */ = {isa = PBXFileReference; lastKnownFileType = sourcecode.swift; path = AddCardView.swift; sourceTree = "<group>"; };
		B0000016 /* MyCardsView.swift */ = {isa = PBXFileReference; lastKnownFileType = sourcecode.swift; path = MyCardsView.swift; sourceTree = "<group>"; };
		B0000017 /* AppConstants.swift */ = {isa = PBXFileReference; lastKnownFileType = sourcecode.swift; path = AppConstants.swift; sourceTree = "<group>"; };
		B0000018 /* DateUtils.swift */ = {isa = PBXFileReference; lastKnownFileType = sourcecode.swift; path = DateUtils.swift; sourceTree = "<group>"; };
		B0000019 /* SharedComponents.swift */ = {isa = PBXFileReference; lastKnownFileType = sourcecode.swift; path = SharedComponents.swift; sourceTree = "<group>"; };
		B000001A /* SM2Algorithm.swift */ = {isa = PBXFileReference; lastKnownFileType = sourcecode.swift; path = SM2Algorithm.swift; sourceTree = "<group>"; };
		B000001B /* CardFlipView.swift */ = {isa = PBXFileReference; lastKnownFileType = sourcecode.swift; path = CardFlipView.swift; sourceTree = "<group>"; };
		B000001C /* ReviewListView.swift */ = {isa = PBXFileReference; lastKnownFileType = sourcecode.swift; path = ReviewListView.swift; sourceTree = "<group>"; };
		B000001D /* StatsView.swift */ = {isa = PBXFileReference; lastKnownFileType = sourcecode.swift; path = StatsView.swift; sourceTree = "<group>"; };
		B000001E /* NotificationService.swift */ = {isa = PBXFileReference; lastKnownFileType = sourcecode.swift; path = NotificationService.swift; sourceTree = "<group>"; };
		B000001F /* TodayCardsView.swift */ = {isa = PBXFileReference; lastKnownFileType = sourcecode.swift; path = TodayCardsView.swift; sourceTree = "<group>"; };
/* End PBXFileReference section */

/* Begin PBXFrameworksBuildPhase section */
		D0000001 /* Frameworks */ = {
			isa = PBXFrameworksBuildPhase;
			buildActionMask = 2147483647;
			files = (
			);
			runOnlyForDeploymentPostprocessing = 0;
		};
/* End PBXFrameworksBuildPhase section */

/* Begin PBXGroup section */
		E0000001 = {
			isa = PBXGroup;
			children = (
				E0000002 /* CardLearn */,
				E0000003 /* Products */,
			);
			sourceTree = "<group>";
		};
		E0000002 /* CardLearn */ = {
			isa = PBXGroup;
			children = (
				B0000001 /* CardLearnApp.swift */,
				E0000007 /* Config */,
				E0000008 /* Core */,
				E0000004 /* Models */,
				E0000005 /* Services */,
				E0000006 /* Views */,
				B0000013 /* Assets.xcassets */,
			);
			path = CardLearn;
			sourceTree = "<group>";
		};
		E0000003 /* Products */ = {
			isa = PBXGroup;
			children = (
				C0000001 /* CardLearn.app */,
			);
			name = Products;
			sourceTree = "<group>";
		};
		E0000004 /* Models */ = {
			isa = PBXGroup;
			children = (
				B0000002 /* Models.swift */,
				B0000018 /* DateUtils.swift */,
			);
			path = Models;
			sourceTree = "<group>";
		};
		E0000005 /* Services */ = {
			isa = PBXGroup;
			children = (
				B0000003 /* APIService.swift */,
				B000001E /* NotificationService.swift */,
			);
			path = Services;
			sourceTree = "<group>";
		};
			E0000006 /* Views */ = {
			isa = PBXGroup;
			children = (
				B0000004 /* MainTabView.swift */,
				B0000005 /* HomeView.swift */,
				B0000006 /* StudyView.swift */,
				B0000007 /* CardDetailView.swift */,
				B0000008 /* ProfileView.swift */,
				B0000009 /* LoginModal.swift */,
				B0000010 /* FeedbackView.swift */,
				B0000011 /* FeedbackListView.swift */,
				B0000012 /* ProgressCardsView.swift */,
				B0000015 /* AddCardView.swift */,
				B0000016 /* MyCardsView.swift */,
				B0000019 /* SharedComponents.swift */,
				B000001B /* CardFlipView.swift */,
				B000001C /* ReviewListView.swift */,
				B000001D /* StatsView.swift */,
				B000001F /* TodayCardsView.swift */,
			);
			path = Views;
			sourceTree = "<group>";
		};
		E0000007 /* Config */ = {
			isa = PBXGroup;
			children = (
				B0000014 /* EnvConfig.swift */,
				B0000017 /* AppConstants.swift */,
			);
			path = Config;
			sourceTree = "<group>";
		};
		E0000008 /* Core */ = {
			isa = PBXGroup;
			children = (
				B000001A /* SM2Algorithm.swift */,
			);
			path = Core;
			sourceTree = "<group>";
		};
/* End PBXGroup section */

/* Begin PBXNativeTarget section */
		F0000001 /* CardLearn */ = {
			isa = PBXNativeTarget;
			buildConfigurationList = G0000001;
			buildPhases = (
				H0000001 /* Sources */,
				D0000001 /* Frameworks */,
				I0000001 /* Resources */,
			);
			buildRules = (
			);
			dependencies = (
			);
			name = CardLearn;
			productName = CardLearn;
			productReference = C0000001;
			productType = "com.apple.product-type.application";
		};
/* End PBXNativeTarget section */

/* Begin PBXProject section */
		J0000001 /* Project object */ = {
			isa = PBXProject;
			attributes = {
				BuildIndependentTargetsInParallel = 1;
				LastSwiftUpdateCheck = 1500;
				LastUpgradeCheck = 1500;
				TargetAttributes = {
					F0000001 = {
						CreatedOnToolsVersion = 15.0;
					};
				};
			};
			buildConfigurationList = K0000001;
			compatibilityVersion = "Xcode 14.0";
			developmentRegion = en;
			hasScannedForEncodings = 0;
			knownRegions = (
				en,
				Base,
			);
			mainGroup = E0000001;
			productRefGroup = E0000003;
			projectDirPath = "";
			projectRoot = "";
			targets = (
				F0000001 /* CardLearn */,
			);
		};
/* End PBXProject section */

/* Begin PBXResourcesBuildPhase section */
		I0000001 /* Resources */ = {
			isa = PBXResourcesBuildPhase;
			buildActionMask = 2147483647;
			files = (
				A0000013 /* Assets.xcassets in Resources */,
			);
			runOnlyForDeploymentPostprocessing = 0;
		};
/* End PBXResourcesBuildPhase section */

/* Begin PBXSourcesBuildPhase section */
		H0000001 /* Sources */ = {
			isa = PBXSourcesBuildPhase;
			buildActionMask = 2147483647;
			files = (
				A0000001 /* CardLearnApp.swift in Sources */,
				A0000014 /* EnvConfig.swift in Sources */,
				A0000002 /* Models.swift in Sources */,
				A0000003 /* APIService.swift in Sources */,
				A0000004 /* MainTabView.swift in Sources */,
				A0000005 /* HomeView.swift in Sources */,
				A0000006 /* StudyView.swift in Sources */,
				A0000007 /* CardDetailView.swift in Sources */,
				A0000008 /* ProfileView.swift in Sources */,
				A0000009 /* LoginModal.swift in Sources */,
				A0000010 /* FeedbackView.swift in Sources */,
				A0000011 /* FeedbackListView.swift in Sources */,
				A0000012 /* ProgressCardsView.swift in Sources */,
				A0000015 /* AddCardView.swift in Sources */,
				A0000016 /* MyCardsView.swift in Sources */,
				A0000017 /* AppConstants.swift in Sources */,
				A0000018 /* DateUtils.swift in Sources */,
				A0000019 /* SharedComponents.swift in Sources */,
				A000001A /* SM2Algorithm.swift in Sources */,
				A000001B /* CardFlipView.swift in Sources */,
				A000001C /* ReviewListView.swift in Sources */,
				A000001D /* StatsView.swift in Sources */,
				A000001E /* NotificationService.swift in Sources */,
				A000001F /* TodayCardsView.swift in Sources */,
			);
			runOnlyForDeploymentPostprocessing = 0;
		};
/* End PBXSourcesBuildPhase section */

/* Begin XCBuildConfiguration section */
		L0000001 /* Debug */ = {
			isa = XCBuildConfiguration;
			buildSettings = {
				ALWAYS_SEARCH_USER_PATHS = NO;
				ASSETCATALOG_COMPILER_APPICON_NAME = AppIcon;
				ASSETCATALOG_COMPILER_GLOBAL_ACCENT_COLOR_NAME = AccentColor;
				CLANG_ANALYZER_NONNULL = YES;
				CLANG_CXX_LANGUAGE_STANDARD = "gnu++20";
				CLANG_ENABLE_MODULES = YES;
				CLANG_ENABLE_OBJC_ARC = YES;
				CLANG_WARN_BLOCK_CAPTURE_AUTORELEASING = YES;
				CLANG_WARN_BOOL_CONVERSION = YES;
				CLANG_WARN_COMMA = YES;
				CLANG_WARN_CONSTANT_CONVERSION = YES;
				CLANG_WARN_DEPRECATED_OBJC_IMPLEMENTATIONS = YES;
				CLANG_WARN_DIRECT_OBJC_ISA_USAGE = YES_ERROR;
				CLANG_WARN_DOCUMENTATION_COMMENTS = YES;
				CLANG_WARN_EMPTY_BODY = YES;
				CLANG_WARN_ENUM_CONVERSION = YES;
				CLANG_WARN_INFINITE_RECURSION = YES;
				CLANG_WARN_INT_CONVERSION = YES;
				CLANG_WARN_NON_LITERAL_NULL_CONVERSION = YES;
				CLANG_WARN_OBJC_IMPLICIT_RETAIN_SELF = YES;
				CLANG_WARN_OBJC_LITERAL_CONVERSION = YES;
				CLANG_WARN_OBJC_ROOT_CLASS = YES_ERROR;
				CLANG_WARN_QUOTED_INCLUDE_IN_FRAMEWORK_HEADER = YES;
				CLANG_WARN_RANGE_LOOP_ANALYSIS = YES;
				CLANG_WARN_STRICT_PROTOTYPES = YES;
				CLANG_WARN_SUSPICIOUS_MOVE = YES;
				CLANG_WARN_UNGUARDED_AVAILABILITY = YES_AGGRESSIVE;
				CLANG_WARN_UNREACHABLE_CODE = YES;
				CLANG_WARN__DUPLICATE_METHOD_MATCH = YES;
				COPY_PHASE_STRIP = NO;
				DEBUG_INFORMATION_FORMAT = dwarf;
				ENABLE_STRICT_OBJC_MSGSEND = YES;
				ENABLE_TESTABILITY = YES;
				ENABLE_USER_SCRIPT_SANDBOXING = YES;
				GCC_C_LANGUAGE_STANDARD = gnu17;
				GCC_DYNAMIC_NO_PIC = NO;
				GCC_NO_COMMON_BLOCKS = YES;
				GCC_OPTIMIZATION_LEVEL = 0;
				GCC_PREPROCESSOR_DEFINITIONS = (
					"DEBUG=1",
					"$(inherited)",
				);
				GCC_WARN_64_TO_32_BIT_CONVERSION = YES;
				GCC_WARN_ABOUT_RETURN_TYPE = YES_ERROR;
				GCC_WARN_UNDECLARED_SELECTOR = YES;
				GCC_WARN_UNINITIALIZED_AUTOS = YES_AGGRESSIVE;
				GCC_WARN_UNUSED_FUNCTION = YES;
				GCC_WARN_UNUSED_VARIABLE = YES;
				GENERATE_INFOPLIST_FILE = YES;
				INFOPLIST_KEY_CFBundleDisplayName = "考研知识点学习";
				INFOPLIST_KEY_UIApplicationSceneManifest_Generation = YES;
				INFOPLIST_KEY_UIApplicationSupportsIndirectInputEvents = YES;
				INFOPLIST_KEY_UILaunchScreen_Generation = YES;
				INFOPLIST_KEY_UISupportedInterfaceOrientations_iPad = "UIInterfaceOrientationPortrait UIInterfaceOrientationPortraitUpsideDown UIInterfaceOrientationLandscapeLeft UIInterfaceOrientationLandscapeRight";
				INFOPLIST_KEY_UISupportedInterfaceOrientations_iPhone = "UIInterfaceOrientationPortrait UIInterfaceOrientationLandscapeLeft UIInterfaceOrientationLandscapeRight";
				IPHONEOS_DEPLOYMENT_TARGET = 17.0;
				LOCALIZATION_PREFERS_STRING_CATALOGS = YES;
				MTL_ENABLE_DEBUG_INFO = INCLUDE_SOURCE;
				MTL_FAST_MATH = YES;
				ONLY_ACTIVE_ARCH = YES;
				PRODUCT_BUNDLE_IDENTIFIER = com.thisforyou.cardlearn;
				PRODUCT_NAME = "$(TARGET_NAME)";
				SDKROOT = iphoneos;
				SWIFT_ACTIVE_COMPILATION_CONDITIONS = "DEBUG $(inherited)";
				SWIFT_EMIT_LOC_STRINGS = YES;
				SWIFT_OPTIMIZATION_LEVEL = "-Onone";
				SWIFT_VERSION = 5.0;
				TARGETED_DEVICE_FAMILY = "1,2";
			};
			name = Debug;
		};
		L0000002 /* Release */ = {
			isa = XCBuildConfiguration;
			buildSettings = {
				ALWAYS_SEARCH_USER_PATHS = NO;
				ASSETCATALOG_COMPILER_APPICON_NAME = AppIcon;
				ASSETCATALOG_COMPILER_GLOBAL_ACCENT_COLOR_NAME = AccentColor;
				CLANG_ANALYZER_NONNULL = YES;
				CLANG_CXX_LANGUAGE_STANDARD = "gnu++20";
				CLANG_ENABLE_MODULES = YES;
				CLANG_ENABLE_OBJC_ARC = YES;
				CLANG_WARN_BLOCK_CAPTURE_AUTORELEASING = YES;
				CLANG_WARN_BOOL_CONVERSION = YES;
				CLANG_WARN_COMMA = YES;
				CLANG_WARN_CONSTANT_CONVERSION = YES;
				CLANG_WARN_DEPRECATED_OBJC_IMPLEMENTATIONS = YES;
				CLANG_WARN_DIRECT_OBJC_ISA_USAGE = YES_ERROR;
				CLANG_WARN_DOCUMENTATION_COMMENTS = YES;
				CLANG_WARN_EMPTY_BODY = YES;
				CLANG_WARN_ENUM_CONVERSION = YES;
				CLANG_WARN_INFINITE_RECURSION = YES;
				CLANG_WARN_INT_CONVERSION = YES;
				CLANG_WARN_NON_LITERAL_NULL_CONVERSION = YES;
				CLANG_WARN_OBJC_IMPLICIT_RETAIN_SELF = YES;
				CLANG_WARN_OBJC_LITERAL_CONVERSION = YES;
				CLANG_WARN_OBJC_ROOT_CLASS = YES_ERROR;
				CLANG_WARN_QUOTED_INCLUDE_IN_FRAMEWORK_HEADER = YES;
				CLANG_WARN_RANGE_LOOP_ANALYSIS = YES;
				CLANG_WARN_STRICT_PROTOTYPES = YES;
				CLANG_WARN_SUSPICIOUS_MOVE = YES;
				CLANG_WARN_UNGUARDED_AVAILABILITY = YES_AGGRESSIVE;
				CLANG_WARN_UNREACHABLE_CODE = YES;
				CLANG_WARN__DUPLICATE_METHOD_MATCH = YES;
				COPY_PHASE_STRIP = NO;
				DEBUG_INFORMATION_FORMAT = "dwarf-with-dsym";
				ENABLE_NS_ASSERTIONS = NO;
				ENABLE_STRICT_OBJC_MSGSEND = YES;
				ENABLE_USER_SCRIPT_SANDBOXING = YES;
				GCC_C_LANGUAGE_STANDARD = gnu17;
				GCC_NO_COMMON_BLOCKS = YES;
				GCC_WARN_64_TO_32_BIT_CONVERSION = YES;
				GCC_WARN_ABOUT_RETURN_TYPE = YES_ERROR;
				GCC_WARN_UNDECLARED_SELECTOR = YES;
				GCC_WARN_UNINITIALIZED_AUTOS = YES_AGGRESSIVE;
				GCC_WARN_UNUSED_FUNCTION = YES;
				GCC_WARN_UNUSED_VARIABLE = YES;
				GENERATE_INFOPLIST_FILE = YES;
				INFOPLIST_KEY_CFBundleDisplayName = "考研知识点学习";
				INFOPLIST_KEY_UIApplicationSceneManifest_Generation = YES;
				INFOPLIST_KEY_UIApplicationSupportsIndirectInputEvents = YES;
				INFOPLIST_KEY_UILaunchScreen_Generation = YES;
				INFOPLIST_KEY_UISupportedInterfaceOrientations_iPad = "UIInterfaceOrientationPortrait UIInterfaceOrientationPortraitUpsideDown UIInterfaceOrientationLandscapeLeft UIInterfaceOrientationLandscapeRight";
				INFOPLIST_KEY_UISupportedInterfaceOrientations_iPhone = "UIInterfaceOrientationPortrait UIInterfaceOrientationLandscapeLeft UIInterfaceOrientationLandscapeRight";
				IPHONEOS_DEPLOYMENT_TARGET = 17.0;
				LOCALIZATION_PREFERS_STRING_CATALOGS = YES;
				MTL_ENABLE_DEBUG_INFO = NO;
				MTL_FAST_MATH = YES;
				PRODUCT_BUNDLE_IDENTIFIER = com.thisforyou.cardlearn;
				PRODUCT_NAME = "$(TARGET_NAME)";
				SDKROOT = iphoneos;
				SWIFT_COMPILATION_MODE = -O;
				SWIFT_EMIT_LOC_STRINGS = YES;
				SWIFT_VERSION = 5.0;
				TARGETED_DEVICE_FAMILY = "1,2";
				VALIDATE_PRODUCT = YES;
			};
			name = Release;
		};
		M0000001 /* Debug */ = {
			isa = XCBuildConfiguration;
			buildSettings = {
				CODE_SIGN_STYLE = Automatic;
				CURRENT_PROJECT_VERSION = 1;
				DEVELOPMENT_TEAM = "";
				GENERATE_INFOPLIST_FILE = YES;
				MARKETING_VERSION = 1.0;
				PRODUCT_BUNDLE_IDENTIFIER = com.thisforyou.cardlearn;
				PRODUCT_NAME = "$(TARGET_NAME)";
				SWIFT_EMIT_LOC_STRINGS = YES;
				SWIFT_VERSION = 5.0;
			};
			name = Debug;
		};
		M0000002 /* Release */ = {
			isa = XCBuildConfiguration;
			buildSettings = {
				CODE_SIGN_STYLE = Automatic;
				CURRENT_PROJECT_VERSION = 1;
				DEVELOPMENT_TEAM = "";
				GENERATE_INFOPLIST_FILE = YES;
				MARKETING_VERSION = 1.0;
				PRODUCT_BUNDLE_IDENTIFIER = com.thisforyou.cardlearn;
				PRODUCT_NAME = "$(TARGET_NAME)";
				SWIFT_EMIT_LOC_STRINGS = YES;
				SWIFT_VERSION = 5.0;
			};
			name = Release;
		};
/* End XCBuildConfiguration section */

/* Begin XCConfigurationList section */
		G0000001 /* Build configuration list for PBXNativeTarget "CardLearn" */ = {
			isa = XCConfigurationList;
			buildConfigurations = (
				M0000001 /* Debug */,
				M0000002 /* Release */,
			);
			defaultConfigurationIsVisible = 0;
			defaultConfigurationName = Release;
		};
		K0000001 /* Build configuration list for PBXProject "CardLearn" */ = {
			isa = XCConfigurationList;
			buildConfigurations = (
				L0000001 /* Debug */,
				L0000002 /* Release */,
			);
			defaultConfigurationIsVisible = 0;
			defaultConfigurationName = Release;
		};
/* End XCConfigurationList section */
	};
	rootObject = J0000001 /* Project object */;
}